
Microsoft Visual Studio Solution File, Format Version 12.00
# Visual Studio Version 17
VisualStudioVersion = 17.0.32014.148
MinimumVisualStudioVersion = 10.0.40219.1
Project("{2150E333-8FDC-42A3-9474-1A3956D46DE8}") = "Frontend", "Frontend", "{0DC7A2B4-4699-4E69-BB51-697A3B5F47F5}"
EndProject
Project("{2150E333-8FDC-42A3-9474-1A3956D46DE8}") = "Services", "Services", "{53EA5E9C-800A-41C2-AAFC-3DE1237D032D}"
EndProject
Project("{FAE04EC0-301F-11D3-BF4B-00C04F79EFBC}") = "GeekShooping.Web", "GeekShooping.Web\GeekShooping.Web.csproj", "{6B324CD2-8B0F-4369-94D7-F1503DDDD6E3}"
EndProject
Global
	GlobalSection(SolutionConfigurationPlatforms) = preSolution
		Debug|Any CPU = Debug|Any CPU
		Release|Any CPU = Release|Any CPU
	EndGlobalSection
	GlobalSection(ProjectConfigurationPlatforms) = postSolution
		{6B324CD2-8B0F-4369-94D7-F1503DDDD6E3}.Debug|Any CPU.ActiveCfg = Debug|Any CPU
		{6B324CD2-8B0F-4369-94D7-F1503DDDD6E3}.Debug|Any CPU.Build.0 = Debug|Any CPU
		{6B324CD2-8B0F-4369-94D7-F1503DDDD6E3}.Release|Any CPU.ActiveCfg = Release|Any CPU
		{6B324CD2-8B0F-4369-94D7-F1503DDDD6E3}.Release|Any CPU.Build.0 = Release|Any CPU
	EndGlobalSection
	GlobalSection(SolutionProperties) = preSolution
		HideSolutionNode = FALSE
	EndGlobalSection
	GlobalSection(NestedProjects) = preSolution
		{6B324CD2-8B0F-4369-94D7-F1503DDDD6E3} = {0DC7A2B4-4699-4E69-BB51-697A3B5F47F5}
	EndGlobalSection
	GlobalSection(ExtensibilityGlobals) = postSolution
		SolutionGuid = {C78F4051-6244-43AE-8B19-262C01AA256C}
	EndGlobalSection
EndGlobal
